
Microsoft Visual Studio Solution File, Format Version 12.00
# Visual Studio Version 17
VisualStudioVersion = 17.3.32901.215
MinimumVisualStudioVersion = 10.0.40219.1
Project("{9092AA53-FB77-4645-B42D-1CCCA6BD08BD}") = "ExpressApp1", "ExpressApp1\ExpressApp1.njsproj", "{ED4F3905-8337-42EB-B577-2C57030C1483}"
EndProject
Global
	GlobalSection(SolutionConfigurationPlatforms) = preSolution
		Debug|Any CPU = Debug|Any CPU
		Release|Any CPU = Release|Any CPU
	EndGlobalSection
	GlobalSection(ProjectConfigurationPlatforms) = postSolution
		{ED4F3905-8337-42EB-B577-2C57030C1483}.Debug|Any CPU.ActiveCfg = Debug|Any CPU
		{ED4F3905-8337-42EB-B577-2C57030C1483}.Debug|Any CPU.Build.0 = Debug|Any CPU
		{ED4F3905-8337-42EB-B577-2C57030C1483}.Release|Any CPU.ActiveCfg = Release|Any CPU
		{ED4F3905-8337-42EB-B577-2C57030C1483}.Release|Any CPU.Build.0 = Release|Any CPU
	EndGlobalSection
	GlobalSection(SolutionProperties) = preSolution
		HideSolutionNode = FALSE
	EndGlobalSection
	GlobalSection(ExtensibilityGlobals) = postSolution
		SolutionGuid = {F47D4D93-5195-4053-BB3D-122BBA9E6437}
	EndGlobalSection
EndGlobal
